
Microsoft Visual Studio Solution File, Format Version 12.00
# Visual Studio Version 17
VisualStudioVersion = 17.0.31903.59
MinimumVisualStudioVersion = 10.0.40219.1
Project("{FAE04EC0-301F-11D3-BF4B-00C04F79EFBC}") = "Web", "Web\Web.csproj", "{5D6A54FE-9512-4874-9F38-F0F59DFFC4ED}"
EndProject
Global
	GlobalSection(SolutionConfigurationPlatforms) = preSolution
		Debug|Any CPU = Debug|Any CPU
		Release|Any CPU = Release|Any CPU
	EndGlobalSection
	GlobalSection(ProjectConfigurationPlatforms) = postSolution
		{5D6A54FE-9512-4874-9F38-F0F59DFFC4ED}.Debug|Any CPU.ActiveCfg = Debug|Any CPU
		{5D6A54FE-9512-4874-9F38-F0F59DFFC4ED}.Debug|Any CPU.Build.0 = Debug|Any CPU
		{5D6A54FE-9512-4874-9F38-F0F59DFFC4ED}.Release|Any CPU.ActiveCfg = Release|Any CPU
		{5D6A54FE-9512-4874-9F38-F0F59DFFC4ED}.Release|Any CPU.Build.0 = Release|Any CPU
	EndGlobalSection
	GlobalSection(SolutionProperties) = preSolution
		HideSolutionNode = FALSE
	EndGlobalSection
	GlobalSection(ExtensibilityGlobals) = postSolution
		SolutionGuid = {3C944DEC-BFF0-48FB-B280-F786459E4E74}
	EndGlobalSection
EndGlobal
